
Microsoft Visual Studio Solution File, Format Version 12.00
# Visual Studio Version 17
VisualStudioVersion = 17.11.35222.181
MinimumVisualStudioVersion = 10.0.40219.1
Project("{8BC9CEB8-8B4A-11D0-8D11-00A0C91BC942}") = "BoschEtchProcess", "BoschEtchProcess\BoschEtchProcess.vcxproj", "{271A1964-7A4B-4026-A6C5-AE37FE7D2EF3}"
EndProject
Global
	GlobalSection(SolutionConfigurationPlatforms) = preSolution
		Debug|x64 = Debug|x64
		Debug|x86 = Debug|x86
		Release|x64 = Release|x64
		Release|x86 = Release|x86
	EndGlobalSection
	GlobalSection(ProjectConfigurationPlatforms) = postSolution
		{271A1964-7A4B-4026-A6C5-AE37FE7D2EF3}.Debug|x64.ActiveCfg = Debug|x64
		{271A1964-7A4B-4026-A6C5-AE37FE7D2EF3}.Debug|x64.Build.0 = Debug|x64
		{271A1964-7A4B-4026-A6C5-AE37FE7D2EF3}.Debug|x86.ActiveCfg = Debug|Win32
		{271A1964-7A4B-4026-A6C5-AE37FE7D2EF3}.Debug|x86.Build.0 = Debug|Win32
		{271A1964-7A4B-4026-A6C5-AE37FE7D2EF3}.Release|x64.ActiveCfg = Release|x64
		{271A1964-7A4B-4026-A6C5-AE37FE7D2EF3}.Release|x64.Build.0 = Release|x64
		{271A1964-7A4B-4026-A6C5-AE37FE7D2EF3}.Release|x86.ActiveCfg = Release|Win32
		{271A1964-7A4B-4026-A6C5-AE37FE7D2EF3}.Release|x86.Build.0 = Release|Win32
	EndGlobalSection
	GlobalSection(SolutionProperties) = preSolution
		HideSolutionNode = FALSE
	EndGlobalSection
	GlobalSection(ExtensibilityGlobals) = postSolution
		SolutionGuid = {FBC35A49-DC4E-4EC6-B520-4E75F879660E}
	EndGlobalSection
EndGlobal
